# This file is @generated by PDM.
# It is not intended for manual editing.

[metadata]
groups = ["default", "dev"]
strategy = ["inherit_metadata"]
lock_version = "4.5.0"
content_hash = "sha256:e24f632699c3d8e1cac3f1a25a823a557de0dc8e15a97fbec5e54da94b9ab613"

[[metadata.targets]]
requires_python = ">=3.12"

[[package]]
name = "black"
version = "24.8.0"
requires_python = ">=3.8"
summary = "The uncompromising code formatter."
groups = ["default"]
dependencies = [
    "click>=8.0.0",
    "mypy-extensions>=0.4.3",
    "packaging>=22.0",
    "pathspec>=0.9.0",
    "platformdirs>=2",
    "tomli>=1.1.0; python_version < \"3.11\"",
    "typing-extensions>=4.0.1; python_version < \"3.11\"",
]
files = [
    {file = "black-24.8.0-cp312-cp312-macosx_10_9_x86_64.whl", hash = "sha256:7c046c1d1eeb7aea9335da62472481d3bbf3fd986e093cffd35f4385c94ae368"},
    {file = "black-24.8.0-cp312-cp312-macosx_11_0_arm64.whl", hash = "sha256:649f6d84ccbae73ab767e206772cc2d7a393a001070a4c814a546afd0d423aed"},
    {file = "black-24.8.0-cp312-cp312-manylinux_2_17_x86_64.manylinux2014_x86_64.manylinux_2_28_x86_64.whl", hash = "sha256:2b59b250fdba5f9a9cd9d0ece6e6d993d91ce877d121d161e4698af3eb9c1018"},
    {file = "black-24.8.0-cp312-cp312-win_amd64.whl", hash = "sha256:6e55d30d44bed36593c3163b9bc63bf58b3b30e4611e4d88a0c3c239930ed5b2"},
    {file = "black-24.8.0-py3-none-any.whl", hash = "sha256:972085c618ee94f402da1af548a4f218c754ea7e5dc70acb168bfaca4c2542ed"},
    {file = "black-24.8.0.tar.gz", hash = "sha256:2500945420b6784c38b9ee885af039f5e7471ef284ab03fa35ecdde4688cd83f"},
]

[[package]]
name = "cfgv"
version = "3.4.0"
requires_python = ">=3.8"
summary = "Validate configuration and produce human readable error messages."
groups = ["dev"]
files = [
    {file = "cfgv-3.4.0-py2.py3-none-any.whl", hash = "sha256:b7265b1f29fd3316bfcd2b330d63d024f2bfd8bcb8b0272f8e19a504856c48f9"},
    {file = "cfgv-3.4.0.tar.gz", hash = "sha256:e52591d4c5f5dead8e0f673fb16db7949d2cfb3f7da4582893288f0ded8fe560"},
]

[[package]]
name = "click"
version = "8.1.7"
requires_python = ">=3.7"
summary = "Composable command line interface toolkit"
groups = ["default"]
dependencies = [
    "colorama; platform_system == \"Windows\"",
    "importlib-metadata; python_version < \"3.8\"",
]
files = [
    {file = "click-8.1.7-py3-none-any.whl", hash = "sha256:ae74fb96c20a0277a1d615f1e4d73c8414f5a98db8b799a7931d1582f3390c28"},
    {file = "click-8.1.7.tar.gz", hash = "sha256:ca9853ad459e787e2192211578cc907e7594e294c7ccc834310722b41b9ca6de"},
]

[[package]]
name = "colorama"
version = "0.4.6"
requires_python = "!=3.0.*,!=3.1.*,!=3.2.*,!=3.3.*,!=3.4.*,!=3.5.*,!=3.6.*,>=2.7"
summary = "Cross-platform colored terminal text."
groups = ["default"]
marker = "platform_system == \"Windows\""
files = [
    {file = "colorama-0.4.6-py2.py3-none-any.whl", hash = "sha256:4f1d9991f5acc0ca119f9d443620b77f9d6b33703e51011c16baf57afb285fc6"},
    {file = "colorama-0.4.6.tar.gz", hash = "sha256:08695f5cb7ed6e0531a20572697297273c47b8cae5a63ffc6d6ed5c201be6e44"},
]

[[package]]
name = "cppyy"
version = "3.1.2"
summary = "Cling-based Python-C++ bindings"
groups = ["default"]
dependencies = [
    "CPyCppyy==1.12.16",
    "cppyy-backend==1.15.2",
    "cppyy-cling==6.30.0",
]
files = [
    {file = "cppyy-3.1.2.tar.gz", hash = "sha256:7937d184af02e1510f44d5655e0bcc3c6a7888ef5b3f06c3dd09ba93d1c1f19b"},
]

[[package]]
name = "cppyy-backend"
version = "1.15.2"
summary = "C/C++ wrapper for Cling"
groups = ["default"]
dependencies = [
    "cppyy-cling==6.30.0",
]
files = [
    {file = "cppyy-backend-1.15.2.tar.gz", hash = "sha256:8d0ec169f6ea40d26999a61b274ce2ac880082e8d16aace6a0702933d3d835fc"},
]

[[package]]
name = "cppyy-cling"
version = "6.30.0"
summary = "Re-packaged Cling, as backend for cppyy"
groups = ["default"]
files = [
    {file = "cppyy-cling-6.30.0.tar.gz", hash = "sha256:5d9e0551a4cb618eb3392001b3dc2c6294f02257f02fcd4d868999ba04f92af1"},
    {file = "cppyy_cling-6.30.0-py2.py3-none-macosx_10_15_x86_64.whl", hash = "sha256:b88ac593af6dad07571273f4bf01b9350c9a48f888ef81c9d1e9d206367843c5"},
    {file = "cppyy_cling-6.30.0-py2.py3-none-macosx_11_0_arm64.whl", hash = "sha256:af30bd3064ca7c8258401ddc061466639357d87ffe45197852b7d0659a20f3da"},
    {file = "cppyy_cling-6.30.0-py2.py3-none-manylinux2014_x86_64.whl", hash = "sha256:8ff146c8c6dc61dabfb782b8f3062803e61e936688c2d9a32f67f81931a12ab4"},
    {file = "cppyy_cling-6.30.0-py2.py3-none-win32.whl", hash = "sha256:02b9d8cc754859e6ad1d60b633540b765236e61649e201b8a39632bf1cdee8ad"},
    {file = "cppyy_cling-6.30.0-py2.py3-none-win_amd64.whl", hash = "sha256:7785cf767031444a48e83b670d1b7da0e7e475213c9aa64eee96d10db401f357"},
]

[[package]]
name = "cpycppyy"
version = "1.12.16"
summary = "Cling-based Python-C++ bindings for CPython"
groups = ["default"]
dependencies = [
    "cppyy-backend==1.15.2",
    "cppyy-cling==6.30.0",
]
files = [
    {file = "CPyCppyy-1.12.16.tar.gz", hash = "sha256:09a845652ac1a82777ec499dda862f54493c1560e9df4cadecda09ecde9e4202"},
]

[[package]]
name = "distlib"
version = "0.3.8"
summary = "Distribution utilities"
groups = ["dev"]
files = [
    {file = "distlib-0.3.8-py2.py3-none-any.whl", hash = "sha256:034db59a0b96f8ca18035f36290806a9a6e6bd9d1ff91e45a7f172eb17e51784"},
    {file = "distlib-0.3.8.tar.gz", hash = "sha256:1530ea13e350031b6312d8580ddb6b27a104275a31106523b8f123787f494f64"},
]

[[package]]
name = "filelock"
version = "3.15.4"
requires_python = ">=3.8"
summary = "A platform independent file lock."
groups = ["dev"]
files = [
    {file = "filelock-3.15.4-py3-none-any.whl", hash = "sha256:6ca1fffae96225dab4c6eaf1c4f4f28cd2568d3ec2a44e15a08520504de468e7"},
    {file = "filelock-3.15.4.tar.gz", hash = "sha256:2207938cbc1844345cb01a5a95524dae30f0ce089eba5b00378295a17e3e90cb"},
]

[[package]]
name = "fire"
version = "0.6.0"
summary = "A library for automatically generating command line interfaces."
groups = ["default"]
dependencies = [
    "enum34; python_version < \"3.4\"",
    "six",
    "termcolor",
]
files = [
    {file = "fire-0.6.0.tar.gz", hash = "sha256:54ec5b996ecdd3c0309c800324a0703d6da512241bc73b553db959d98de0aa66"},
]

[[package]]
name = "identify"
version = "2.6.0"
requires_python = ">=3.8"
summary = "File identification library for Python"
groups = ["dev"]
files = [
    {file = "identify-2.6.0-py2.py3-none-any.whl", hash = "sha256:e79ae4406387a9d300332b5fd366d8994f1525e8414984e1a59e058b2eda2dd0"},
    {file = "identify-2.6.0.tar.gz", hash = "sha256:cb171c685bdc31bcc4c1734698736a7d5b6c8bf2e0c15117f4d469c8640ae5cf"},
]

[[package]]
name = "litgen"
version = "0.11.0"
requires_python = ">=3.10"
summary = "litgen, aka \"Literate Generator\", an automatic python bindings generator for humans who like nice code and APIs, based on srcML (https://srcml.org)"
groups = ["default"]
dependencies = [
    "black",
    "fire",
    "munch",
    "pybind11",
    "srcml-caller",
]
files = [
    {file = "litgen-0.11.0-py3-none-any.whl", hash = "sha256:704580511eb3023aa794b0bbc46f2a756036976f943018d249c43f4f6f0425c0"},
    {file = "litgen-0.11.0.tar.gz", hash = "sha256:c687428c83e61dcc0a74cc8bc95fb22bd4478cc4a7d4881d7852a4727172550c"},
]

[[package]]
name = "munch"
version = "4.0.0"
requires_python = ">=3.6"
summary = "A dot-accessible dictionary (a la JavaScript objects)"
groups = ["default"]
dependencies = [
    "importlib-metadata>=1.7.0; python_version < \"3.8\"",
]
files = [
    {file = "munch-4.0.0-py2.py3-none-any.whl", hash = "sha256:71033c45db9fb677a0b7eb517a4ce70ae09258490e419b0e7f00d1e386ecb1b4"},
    {file = "munch-4.0.0.tar.gz", hash = "sha256:542cb151461263216a4e37c3fd9afc425feeaf38aaa3025cd2a981fadb422235"},
]

[[package]]
name = "mypy-extensions"
version = "1.0.0"
requires_python = ">=3.5"
summary = "Type system extensions for programs checked with the mypy type checker."
groups = ["default"]
files = [
    {file = "mypy_extensions-1.0.0-py3-none-any.whl", hash = "sha256:4392f6c0eb8a5668a69e23d168ffa70f0be9ccfd32b5cc2d26a34ae5b844552d"},
    {file = "mypy_extensions-1.0.0.tar.gz", hash = "sha256:75dbf8955dc00442a438fc4d0666508a9a97b6bd41aa2f0ffe9d2f2725af0782"},
]

[[package]]
name = "nodeenv"
version = "1.9.1"
requires_python = "!=3.0.*,!=3.1.*,!=3.2.*,!=3.3.*,!=3.4.*,!=3.5.*,!=3.6.*,>=2.7"
summary = "Node.js virtual environment builder"
groups = ["dev"]
files = [
    {file = "nodeenv-1.9.1-py2.py3-none-any.whl", hash = "sha256:ba11c9782d29c27c70ffbdda2d7415098754709be8a7056d79a737cd901155c9"},
    {file = "nodeenv-1.9.1.tar.gz", hash = "sha256:6ec12890a2dab7946721edbfbcd91f3319c6ccc9aec47be7c7e6b7011ee6645f"},
]

[[package]]
name = "packaging"
version = "24.1"
requires_python = ">=3.8"
summary = "Core utilities for Python packages"
groups = ["default"]
files = [
    {file = "packaging-24.1-py3-none-any.whl", hash = "sha256:5b8f2217dbdbd2f7f384c41c628544e6d52f2d0f53c6d0c3ea61aa5d1d7ff124"},
    {file = "packaging-24.1.tar.gz", hash = "sha256:026ed72c8ed3fcce5bf8950572258698927fd1dbda10a5e981cdf0ac37f4f002"},
]

[[package]]
name = "pathspec"
version = "0.12.1"
requires_python = ">=3.8"
summary = "Utility library for gitignore style pattern matching of file paths."
groups = ["default"]
files = [
    {file = "pathspec-0.12.1-py3-none-any.whl", hash = "sha256:a0d503e138a4c123b27490a4f7beda6a01c6f288df0e4a8b79c7eb0dc7b4cc08"},
    {file = "pathspec-0.12.1.tar.gz", hash = "sha256:a482d51503a1ab33b1c67a6c3813a26953dbdc71c31dacaef9a838c4e29f5712"},
]

[[package]]
name = "platformdirs"
version = "4.2.2"
requires_python = ">=3.8"
summary = "A small Python package for determining appropriate platform-specific dirs, e.g. a `user data dir`."
groups = ["default", "dev"]
files = [
    {file = "platformdirs-4.2.2-py3-none-any.whl", hash = "sha256:2d7a1657e36a80ea911db832a8a6ece5ee53d8de21edd5cc5879af6530b1bfee"},
    {file = "platformdirs-4.2.2.tar.gz", hash = "sha256:38b7b51f512eed9e84a22788b4bce1de17c0adb134d6becb09836e37d8654cd3"},
]

[[package]]
name = "pre-commit"
version = "3.8.0"
requires_python = ">=3.9"
summary = "A framework for managing and maintaining multi-language pre-commit hooks."
groups = ["dev"]
dependencies = [
    "cfgv>=2.0.0",
    "identify>=1.0.0",
    "nodeenv>=0.11.1",
    "pyyaml>=5.1",
    "virtualenv>=20.10.0",
]
files = [
    {file = "pre_commit-3.8.0-py2.py3-none-any.whl", hash = "sha256:9a90a53bf82fdd8778d58085faf8d83df56e40dfe18f45b19446e26bf1b3a63f"},
    {file = "pre_commit-3.8.0.tar.gz", hash = "sha256:8bb6494d4a20423842e198980c9ecf9f96607a07ea29549e180eef9ae80fe7af"},
]

[[package]]
name = "pybind11"
version = "2.13.4"
requires_python = ">=3.7"
summary = "Seamless operability between C++11 and Python"
groups = ["default", "dev"]
files = [
    {file = "pybind11-2.13.4-py3-none-any.whl", hash = "sha256:5932d63d570b3a12ece2f6678adb3846cc1c229dc1f8518a46d5b540f240f959"},
    {file = "pybind11-2.13.4.tar.gz", hash = "sha256:75a9e1f967d3cd3fd59f981eb39406f9de05e33a4dd8f5f18b8e29cae023e1d5"},
]

[[package]]
name = "pylibclang"
version = "318.1.1"
summary = "A fully featured & always updated python binding for libclang."
groups = ["default"]
files = [
    {file = "pylibclang-318.1.1-cp312-cp312-manylinux_2_27_x86_64.manylinux_2_28_x86_64.whl", hash = "sha256:187e1a81944fd0078c1c650c83d07e5c70e605122e4833bc098c78aa286330f0"},
    {file = "pylibclang-318.1.1-cp313-cp313-manylinux_2_27_x86_64.manylinux_2_28_x86_64.whl", hash = "sha256:39f8b1f97bedd042d5c51348b28cea91311dc554d36ebdebd6761bd7b21301ac"},
    {file = "pylibclang-318.1.1-cp313-cp313t-manylinux_2_27_x86_64.manylinux_2_28_x86_64.whl", hash = "sha256:f899bf889f3e140cf8f198006c943be69d333cf9f88072845d94ed3c8474045a"},
]

[[package]]
name = "pylibclang-stubs"
version = "318.1.1"
summary = "Python stubs for pylibclang"
groups = ["default"]
files = [
    {file = "pylibclang_stubs-318.1.1-py3-none-any.whl", hash = "sha256:566a0cac6d9c40f883d3d5af7e9109de616ab139cd20ba0ff9fe26430e7576ae"},
    {file = "pylibclang_stubs-318.1.1.tar.gz", hash = "sha256:a709c5635ce21d3ea02a65fc7f8c3b6db3331a8ce7c3cabf4592089ace69e516"},
]

[[package]]
name = "pyyaml"
version = "6.0.2"
requires_python = ">=3.8"
summary = "YAML parser and emitter for Python"
groups = ["dev"]
files = [
    {file = "PyYAML-6.0.2-cp312-cp312-macosx_10_9_x86_64.whl", hash = "sha256:c70c95198c015b85feafc136515252a261a84561b7b1d51e3384e0655ddf25ab"},
    {file = "PyYAML-6.0.2-cp312-cp312-macosx_11_0_arm64.whl", hash = "sha256:ce826d6ef20b1bc864f0a68340c8b3287705cae2f8b4b1d932177dcc76721725"},
    {file = "PyYAML-6.0.2-cp312-cp312-manylinux_2_17_aarch64.manylinux2014_aarch64.whl", hash = "sha256:1f71ea527786de97d1a0cc0eacd1defc0985dcf6b3f17bb77dcfc8c34bec4dc5"},
    {file = "PyYAML-6.0.2-cp312-cp312-manylinux_2_17_s390x.manylinux2014_s390x.whl", hash = "sha256:9b22676e8097e9e22e36d6b7bda33190d0d400f345f23d4065d48f4ca7ae0425"},
    {file = "PyYAML-6.0.2-cp312-cp312-manylinux_2_17_x86_64.manylinux2014_x86_64.whl", hash = "sha256:80bab7bfc629882493af4aa31a4cfa43a4c57c83813253626916b8c7ada83476"},
    {file = "PyYAML-6.0.2-cp312-cp312-musllinux_1_1_aarch64.whl", hash = "sha256:0833f8694549e586547b576dcfaba4a6b55b9e96098b36cdc7ebefe667dfed48"},
    {file = "PyYAML-6.0.2-cp312-cp312-musllinux_1_1_x86_64.whl", hash = "sha256:8b9c7197f7cb2738065c481a0461e50ad02f18c78cd75775628afb4d7137fb3b"},
    {file = "PyYAML-6.0.2-cp312-cp312-win32.whl", hash = "sha256:ef6107725bd54b262d6dedcc2af448a266975032bc85ef0172c5f059da6325b4"},
    {file = "PyYAML-6.0.2-cp312-cp312-win_amd64.whl", hash = "sha256:7e7401d0de89a9a855c839bc697c079a4af81cf878373abd7dc625847d25cbd8"},
    {file = "PyYAML-6.0.2-cp313-cp313-macosx_10_13_x86_64.whl", hash = "sha256:efdca5630322a10774e8e98e1af481aad470dd62c3170801852d752aa7a783ba"},
    {file = "PyYAML-6.0.2-cp313-cp313-macosx_11_0_arm64.whl", hash = "sha256:50187695423ffe49e2deacb8cd10510bc361faac997de9efef88badc3bb9e2d1"},
    {file = "PyYAML-6.0.2-cp313-cp313-manylinux_2_17_aarch64.manylinux2014_aarch64.whl", hash = "sha256:0ffe8360bab4910ef1b9e87fb812d8bc0a308b0d0eef8c8f44e0254ab3b07133"},
    {file = "PyYAML-6.0.2-cp313-cp313-manylinux_2_17_s390x.manylinux2014_s390x.whl", hash = "sha256:17e311b6c678207928d649faa7cb0d7b4c26a0ba73d41e99c4fff6b6c3276484"},
    {file = "PyYAML-6.0.2-cp313-cp313-manylinux_2_17_x86_64.manylinux2014_x86_64.whl", hash = "sha256:70b189594dbe54f75ab3a1acec5f1e3faa7e8cf2f1e08d9b561cb41b845f69d5"},
    {file = "PyYAML-6.0.2-cp313-cp313-musllinux_1_1_aarch64.whl", hash = "sha256:41e4e3953a79407c794916fa277a82531dd93aad34e29c2a514c2c0c5fe971cc"},
    {file = "PyYAML-6.0.2-cp313-cp313-musllinux_1_1_x86_64.whl", hash = "sha256:68ccc6023a3400877818152ad9a1033e3db8625d899c72eacb5a668902e4d652"},
    {file = "PyYAML-6.0.2-cp313-cp313-win32.whl", hash = "sha256:bc2fa7c6b47d6bc618dd7fb02ef6fdedb1090ec036abab80d4681424b84c1183"},
    {file = "PyYAML-6.0.2-cp313-cp313-win_amd64.whl", hash = "sha256:8388ee1976c416731879ac16da0aff3f63b286ffdd57cdeb95f3f2e085687563"},
    {file = "pyyaml-6.0.2.tar.gz", hash = "sha256:d584d9ec91ad65861cc08d42e834324ef890a082e591037abe114850ff7bbc3e"},
]

[[package]]
name = "ruff"
version = "0.6.1"
requires_python = ">=3.7"
summary = "An extremely fast Python linter and code formatter, written in Rust."
groups = ["dev"]
files = [
    {file = "ruff-0.6.1-py3-none-linux_armv6l.whl", hash = "sha256:b4bb7de6a24169dc023f992718a9417380301b0c2da0fe85919f47264fb8add9"},
    {file = "ruff-0.6.1-py3-none-macosx_10_12_x86_64.whl", hash = "sha256:45efaae53b360c81043e311cdec8a7696420b3d3e8935202c2846e7a97d4edae"},
    {file = "ruff-0.6.1-py3-none-macosx_11_0_arm64.whl", hash = "sha256:bc60c7d71b732c8fa73cf995efc0c836a2fd8b9810e115be8babb24ae87e0850"},
    {file = "ruff-0.6.1-py3-none-manylinux_2_17_aarch64.manylinux2014_aarch64.whl", hash = "sha256:2c7477c3b9da822e2db0b4e0b59e61b8a23e87886e727b327e7dcaf06213c5cf"},
    {file = "ruff-0.6.1-py3-none-manylinux_2_17_armv7l.manylinux2014_armv7l.whl", hash = "sha256:3a0af7ab3f86e3dc9f157a928e08e26c4b40707d0612b01cd577cc84b8905cc9"},
    {file = "ruff-0.6.1-py3-none-manylinux_2_17_i686.manylinux2014_i686.whl", hash = "sha256:392688dbb50fecf1bf7126731c90c11a9df1c3a4cdc3f481b53e851da5634fa5"},
    {file = "ruff-0.6.1-py3-none-manylinux_2_17_ppc64.manylinux2014_ppc64.whl", hash = "sha256:5278d3e095ccc8c30430bcc9bc550f778790acc211865520f3041910a28d0024"},
    {file = "ruff-0.6.1-py3-none-manylinux_2_17_ppc64le.manylinux2014_ppc64le.whl", hash = "sha256:fe6d5f65d6f276ee7a0fc50a0cecaccb362d30ef98a110f99cac1c7872df2f18"},
    {file = "ruff-0.6.1-py3-none-manylinux_2_17_s390x.manylinux2014_s390x.whl", hash = "sha256:b2e0dd11e2ae553ee5c92a81731d88a9883af8db7408db47fc81887c1f8b672e"},
    {file = "ruff-0.6.1-py3-none-manylinux_2_17_x86_64.manylinux2014_x86_64.whl", hash = "sha256:d812615525a34ecfc07fd93f906ef5b93656be01dfae9a819e31caa6cfe758a1"},
    {file = "ruff-0.6.1-py3-none-musllinux_1_2_aarch64.whl", hash = "sha256:faaa4060f4064c3b7aaaa27328080c932fa142786f8142aff095b42b6a2eb631"},
    {file = "ruff-0.6.1-py3-none-musllinux_1_2_armv7l.whl", hash = "sha256:99d7ae0df47c62729d58765c593ea54c2546d5de213f2af2a19442d50a10cec9"},
    {file = "ruff-0.6.1-py3-none-musllinux_1_2_i686.whl", hash = "sha256:9eb18dfd7b613eec000e3738b3f0e4398bf0153cb80bfa3e351b3c1c2f6d7b15"},
    {file = "ruff-0.6.1-py3-none-musllinux_1_2_x86_64.whl", hash = "sha256:c62bc04c6723a81e25e71715aa59489f15034d69bf641df88cb38bdc32fd1dbb"},
    {file = "ruff-0.6.1-py3-none-win32.whl", hash = "sha256:9fb4c4e8b83f19c9477a8745e56d2eeef07a7ff50b68a6998f7d9e2e3887bdc4"},
    {file = "ruff-0.6.1-py3-none-win_amd64.whl", hash = "sha256:c2ebfc8f51ef4aca05dad4552bbcf6fe8d1f75b2f6af546cc47cc1c1ca916b5b"},
    {file = "ruff-0.6.1-py3-none-win_arm64.whl", hash = "sha256:3bc81074971b0ffad1bd0c52284b22411f02a11a012082a76ac6da153536e014"},
    {file = "ruff-0.6.1.tar.gz", hash = "sha256:af3ffd8c6563acb8848d33cd19a69b9bfe943667f0419ca083f8ebe4224a3436"},
]

[[package]]
name = "six"
version = "1.16.0"
requires_python = ">=2.7, !=3.0.*, !=3.1.*, !=3.2.*"
summary = "Python 2 and 3 compatibility utilities"
groups = ["default"]
files = [
    {file = "six-1.16.0-py2.py3-none-any.whl", hash = "sha256:8abb2f1d86890a2dfb989f9a77cfcfd3e47c2a354b01111771326f8aa26e0254"},
    {file = "six-1.16.0.tar.gz", hash = "sha256:1e61c37477a1626458e36f7b1d82aa5c9b094fa4802892072e49de9c60c4c926"},
]

[[package]]
name = "srcml-caller"
version = "0.3.0"
requires_python = ">=3.6"
summary = "srcml_caller, simple python bindings for srcML "
groups = ["default"]
files = [
    {file = "srcml-caller-0.3.0.tar.gz", hash = "sha256:2c3ed9bd540b50b2d41a92fc3f3b8fbcc81a1194f0e73d3f40d085aa8ac8da9f"},
    {file = "srcml_caller-0.3.0-cp312-cp312-macosx_11_0_arm64.whl", hash = "sha256:58c3449ef15905379db5df923d1147cfa5a105452c4d483ee4166b93fccea5b8"},
    {file = "srcml_caller-0.3.0-cp312-cp312-manylinux_2_17_x86_64.manylinux2014_x86_64.whl", hash = "sha256:579cfad04891dc4b723a8d2bf16195e6bb17a07a126ec3367104e3132b53786b"},
    {file = "srcml_caller-0.3.0-cp312-cp312-musllinux_1_1_x86_64.whl", hash = "sha256:1b35dc0c8e9a11edb348e617524628fcf0b3c28b9e5577ed3b4aa183f79d1785"},
    {file = "srcml_caller-0.3.0-cp312-cp312-win_amd64.whl", hash = "sha256:38e5e1845c9299280cd70c9afe48150b22f0af7b3a4bc597dd8b28a7eec4f322"},
]

[[package]]
name = "termcolor"
version = "2.4.0"
requires_python = ">=3.8"
summary = "ANSI color formatting for output in terminal"
groups = ["default"]
files = [
    {file = "termcolor-2.4.0-py3-none-any.whl", hash = "sha256:9297c0df9c99445c2412e832e882a7884038a25617c60cea2ad69488d4040d63"},
    {file = "termcolor-2.4.0.tar.gz", hash = "sha256:aab9e56047c8ac41ed798fa36d892a37aca6b3e9159f3e0c24bc64a9b3ac7b7a"},
]

[[package]]
name = "virtualenv"
version = "20.26.3"
requires_python = ">=3.7"
summary = "Virtual Python Environment builder"
groups = ["dev"]
dependencies = [
    "distlib<1,>=0.3.7",
    "filelock<4,>=3.12.2",
    "importlib-metadata>=6.6; python_version < \"3.8\"",
    "platformdirs<5,>=3.9.1",
]
files = [
    {file = "virtualenv-20.26.3-py3-none-any.whl", hash = "sha256:8cc4a31139e796e9a7de2cd5cf2489de1217193116a8fd42328f1bd65f434589"},
    {file = "virtualenv-20.26.3.tar.gz", hash = "sha256:4c43a2a236279d9ea36a0d76f98d84bd6ca94ac4e0f4a3b9d46d05e10fea542a"},
]
