# This file is @generated by PDM.
# It is not intended for manual editing.

[metadata]
groups = ["default", "dev"]
strategy = ["inherit_metadata"]
lock_version = "4.5.0"
content_hash = "sha256:de839447f8484eb43653264d10284c08e5fa56f9b3a7f1e4e5b15328ffcc3497"

[[metadata.targets]]
requires_python = ">=3.12"

[[package]]
name = "pybind11"
version = "2.13.4"
requires_python = ">=3.7"
summary = "Seamless operability between C++11 and Python"
groups = ["dev"]
files = [
    {file = "pybind11-2.13.4-py3-none-any.whl", hash = "sha256:5932d63d570b3a12ece2f6678adb3846cc1c229dc1f8518a46d5b540f240f959"},
    {file = "pybind11-2.13.4.tar.gz", hash = "sha256:75a9e1f967d3cd3fd59f981eb39406f9de05e33a4dd8f5f18b8e29cae023e1d5"},
]
